
Microsoft Visual Studio Solution File, Format Version 12.00
# Visual Studio Version 17
VisualStudioVersion = 17.0.31903.59
MinimumVisualStudioVersion = 10.0.40219.1
Project("{2150E333-8FDC-42A3-9474-1A3956D46DE8}") = "src", "src", "{271A76F9-4905-45C8-A4E2-583713E74C3B}"
EndProject
Project("{FAE04EC0-301F-11D3-BF4B-00C04F79EFBC}") = "SME.Simulador.Prova.Serap.Api", "src\SME.Simulador.Prova.Serap.Api\SME.Simulador.Prova.Serap.Api.csproj", "{60364460-9EAE-4AF0-9637-FFA7D1BC302D}"
EndProject
Project("{FAE04EC0-301F-11D3-BF4B-00C04F79EFBC}") = "SME.Simulador.Prova.Serap.Aplicacao", "src\SME.Simulador.Prova.Serap.Aplicacao\SME.Simulador.Prova.Serap.Aplicacao.csproj", "{472F5275-6A15-4B2C-B9ED-1A5CE13267B9}"
EndProject
Project("{FAE04EC0-301F-11D3-BF4B-00C04F79EFBC}") = "SME.Simulador.Prova.Serap.Dados", "src\SME.Simulador.Prova.Serap.Dados\SME.Simulador.Prova.Serap.Dados.csproj", "{3767DABF-30CD-4432-A379-78B663E3DBAA}"
EndProject
Project("{FAE04EC0-301F-11D3-BF4B-00C04F79EFBC}") = "SME.Simulador.Prova.Serap.Dominio", "src\SME.Simulador.Prova.Serap.Dominio\SME.Simulador.Prova.Serap.Dominio.csproj", "{FB77D7E2-AEBD-4443-80FD-6AFB2F904208}"
EndProject
Project("{FAE04EC0-301F-11D3-BF4B-00C04F79EFBC}") = "SME.Simulador.Prova.Serap.Infra", "src\SME.Simulador.Prova.Serap.Infra\SME.Simulador.Prova.Serap.Infra.csproj", "{E3003337-5E94-43CB-B676-E4C6ED2D242E}"
EndProject
Project("{FAE04EC0-301F-11D3-BF4B-00C04F79EFBC}") = "SME.Simulador.Prova.Serap.IoC", "src\SME.Simulador.Prova.Serap.IoC\SME.Simulador.Prova.Serap.IoC.csproj", "{5577F0A8-CAFD-43C6-A28C-05E837FB76D3}"
EndProject
Project("{2150E333-8FDC-42A3-9474-1A3956D46DE8}") = "Solution Items", "Solution Items", "{33872D8E-264C-4368-BB4D-55FAEF1BCEA4}"
	ProjectSection(SolutionItems) = preProject
		docker-compose.yml = docker-compose.yml
	EndProjectSection
EndProject
Global
	GlobalSection(SolutionConfigurationPlatforms) = preSolution
		Debug|Any CPU = Debug|Any CPU
		Release|Any CPU = Release|Any CPU
	EndGlobalSection
	GlobalSection(SolutionProperties) = preSolution
		HideSolutionNode = FALSE
	EndGlobalSection
	GlobalSection(ProjectConfigurationPlatforms) = postSolution
		{60364460-9EAE-4AF0-9637-FFA7D1BC302D}.Debug|Any CPU.ActiveCfg = Debug|Any CPU
		{60364460-9EAE-4AF0-9637-FFA7D1BC302D}.Debug|Any CPU.Build.0 = Debug|Any CPU
		{60364460-9EAE-4AF0-9637-FFA7D1BC302D}.Release|Any CPU.ActiveCfg = Release|Any CPU
		{60364460-9EAE-4AF0-9637-FFA7D1BC302D}.Release|Any CPU.Build.0 = Release|Any CPU
		{472F5275-6A15-4B2C-B9ED-1A5CE13267B9}.Debug|Any CPU.ActiveCfg = Debug|Any CPU
		{472F5275-6A15-4B2C-B9ED-1A5CE13267B9}.Debug|Any CPU.Build.0 = Debug|Any CPU
		{472F5275-6A15-4B2C-B9ED-1A5CE13267B9}.Release|Any CPU.ActiveCfg = Release|Any CPU
		{472F5275-6A15-4B2C-B9ED-1A5CE13267B9}.Release|Any CPU.Build.0 = Release|Any CPU
		{3767DABF-30CD-4432-A379-78B663E3DBAA}.Debug|Any CPU.ActiveCfg = Debug|Any CPU
		{3767DABF-30CD-4432-A379-78B663E3DBAA}.Debug|Any CPU.Build.0 = Debug|Any CPU
		{3767DABF-30CD-4432-A379-78B663E3DBAA}.Release|Any CPU.ActiveCfg = Release|Any CPU
		{3767DABF-30CD-4432-A379-78B663E3DBAA}.Release|Any CPU.Build.0 = Release|Any CPU
		{FB77D7E2-AEBD-4443-80FD-6AFB2F904208}.Debug|Any CPU.ActiveCfg = Debug|Any CPU
		{FB77D7E2-AEBD-4443-80FD-6AFB2F904208}.Debug|Any CPU.Build.0 = Debug|Any CPU
		{FB77D7E2-AEBD-4443-80FD-6AFB2F904208}.Release|Any CPU.ActiveCfg = Release|Any CPU
		{FB77D7E2-AEBD-4443-80FD-6AFB2F904208}.Release|Any CPU.Build.0 = Release|Any CPU
		{E3003337-5E94-43CB-B676-E4C6ED2D242E}.Debug|Any CPU.ActiveCfg = Debug|Any CPU
		{E3003337-5E94-43CB-B676-E4C6ED2D242E}.Debug|Any CPU.Build.0 = Debug|Any CPU
		{E3003337-5E94-43CB-B676-E4C6ED2D242E}.Release|Any CPU.ActiveCfg = Release|Any CPU
		{E3003337-5E94-43CB-B676-E4C6ED2D242E}.Release|Any CPU.Build.0 = Release|Any CPU
		{5577F0A8-CAFD-43C6-A28C-05E837FB76D3}.Debug|Any CPU.ActiveCfg = Debug|Any CPU
		{5577F0A8-CAFD-43C6-A28C-05E837FB76D3}.Debug|Any CPU.Build.0 = Debug|Any CPU
		{5577F0A8-CAFD-43C6-A28C-05E837FB76D3}.Release|Any CPU.ActiveCfg = Release|Any CPU
		{5577F0A8-CAFD-43C6-A28C-05E837FB76D3}.Release|Any CPU.Build.0 = Release|Any CPU
	EndGlobalSection
	GlobalSection(NestedProjects) = preSolution
		{60364460-9EAE-4AF0-9637-FFA7D1BC302D} = {271A76F9-4905-45C8-A4E2-583713E74C3B}
		{472F5275-6A15-4B2C-B9ED-1A5CE13267B9} = {271A76F9-4905-45C8-A4E2-583713E74C3B}
		{3767DABF-30CD-4432-A379-78B663E3DBAA} = {271A76F9-4905-45C8-A4E2-583713E74C3B}
		{FB77D7E2-AEBD-4443-80FD-6AFB2F904208} = {271A76F9-4905-45C8-A4E2-583713E74C3B}
		{E3003337-5E94-43CB-B676-E4C6ED2D242E} = {271A76F9-4905-45C8-A4E2-583713E74C3B}
		{5577F0A8-CAFD-43C6-A28C-05E837FB76D3} = {271A76F9-4905-45C8-A4E2-583713E74C3B}
	EndGlobalSection
EndGlobal
